
Microsoft Visual Studio Solution File, Format Version 12.00
# Visual Studio Version 17
VisualStudioVersion = 17.10.35201.131
MinimumVisualStudioVersion = 10.0.40219.1
Project("{FAE04EC0-301F-11D3-BF4B-00C04F79EFBC}") = "MisCuentas_desk", "MisCuentas_desk.csproj", "{679CAC73-8F6D-4B4F-BF3B-23EE5B0CC43B}"
EndProject
Project("{54435603-DBB4-11D2-8724-00A0C9A8B90C}") = "MisCuentas_Desk_Setup", "..\MisCuentas_Desk_Setup\MisCuentas_Desk_Setup.vdproj", "{4F5BDF5F-5706-43B9-9425-226FB24C717F}"
EndProject
Global
	GlobalSection(SolutionConfigurationPlatforms) = preSolution
		Debug|Any CPU = Debug|Any CPU
		Release|Any CPU = Release|Any CPU
	EndGlobalSection
	GlobalSection(ProjectConfigurationPlatforms) = postSolution
		{679CAC73-8F6D-4B4F-BF3B-23EE5B0CC43B}.Debug|Any CPU.ActiveCfg = Debug|Any CPU
		{679CAC73-8F6D-4B4F-BF3B-23EE5B0CC43B}.Debug|Any CPU.Build.0 = Debug|Any CPU
		{679CAC73-8F6D-4B4F-BF3B-23EE5B0CC43B}.Release|Any CPU.ActiveCfg = Release|Any CPU
		{679CAC73-8F6D-4B4F-BF3B-23EE5B0CC43B}.Release|Any CPU.Build.0 = Release|Any CPU
		{4F5BDF5F-5706-43B9-9425-226FB24C717F}.Debug|Any CPU.ActiveCfg = Debug
		{4F5BDF5F-5706-43B9-9425-226FB24C717F}.Release|Any CPU.ActiveCfg = Release
	EndGlobalSection
	GlobalSection(SolutionProperties) = preSolution
		HideSolutionNode = FALSE
	EndGlobalSection
	GlobalSection(ExtensibilityGlobals) = postSolution
		SolutionGuid = {0C68818F-F451-474C-BCE5-C88984718AF3}
	EndGlobalSection
EndGlobal
